{
  "name": "requirements-template",
  "version": "1.0.0",
  "lockfileVersion": 2,
  "requires": true,
  "packages": {
    "": {
      "name": "requirements-template",
      "version": "1.0.0",
      "license": "ISC",
      "dependencies": {
        "@bamblehorse/tiny": "^2.0.0"
      }
    },
    "node_modules/@bamblehorse/tiny": {
      "version": "2.0.0",
      "resolved": "https://registry.npmjs.org/@bamblehorse/tiny/-/tiny-2.0.0.tgz",
      "integrity": "sha512-l2muGeiKltR0sSAqV8n/qTNFdhuwpN/2cW919q/upK+KrUcVhW+rgH9ipOTjEzPOLUmJs6JH2RABUSGZ7Ly8lA=="
    }
  },
  "dependencies": {
    "@bamblehorse/tiny": {
      "version": "2.0.0",
      "resolved": "https://registry.npmjs.org/@bamblehorse/tiny/-/tiny-2.0.0.tgz",
      "integrity": "sha512-l2muGeiKltR0sSAqV8n/qTNFdhuwpN/2cW919q/upK+KrUcVhW+rgH9ipOTjEzPOLUmJs6JH2RABUSGZ7Ly8lA=="
    }
  }
}
